
Microsoft Visual Studio Solution File, Format Version 12.00
# Visual Studio Version 17
VisualStudioVersion = 17.0.31903.59
MinimumVisualStudioVersion = 10.0.40219.1
Project("{FAE04EC0-301F-11D3-BF4B-00C04F79EFBC}") = "FantasyDB", "FantasyDB\FantasyDB.csproj", "{0549B7E9-9D3A-4DD5-8290-A3FF0009FB37}"
EndProject
Project("{54A90642-561A-4BB1-A94E-469ADEE60C69}") = "worldbuilderapp", "WorldBuilderApp\worldbuilderapp.esproj", "{6E47F272-91D3-9FF1-917F-553FF098FA5B}"
EndProject
Project("{FAE04EC0-301F-11D3-BF4B-00C04F79EFBC}") = "FantasyDB.API", "FantasyDB.API\FantasyDB.API.csproj", "{2B5CE6BC-DA12-4E46-B2B5-6A10C3E73C08}"
EndProject
Project("{FAE04EC0-301F-11D3-BF4B-00C04F79EFBC}") = "FantasyDB.Seeder", "FantasyDB.Seeder\FantasyDB.Seeder.csproj", "{3CF2BBA0-533B-421A-AA23-712AC8191429}"
EndProject
Project("{2150E333-8FDC-42A3-9474-1A3956D46DE8}") = "Solution Items", "Solution Items", "{8EC462FD-D22E-90A8-E5CE-7E832BA40C5D}"
	ProjectSection(SolutionItems) = preProject
		start-dev.ps1 = start-dev.ps1
	EndProjectSection
EndProject
Project("{888888A0-9F3D-457C-B088-3A5042F75D52}") = "FantasyAssistant", "FantasyAssistant\FantasyAssistant.pyproj", "{C6381189-F420-43B8-868D-D8E8D0C74058}"
EndProject
Global
	GlobalSection(SolutionConfigurationPlatforms) = preSolution
		Debug|Any CPU = Debug|Any CPU
		Debug|x64 = Debug|x64
		Debug|x86 = Debug|x86
		Release|Any CPU = Release|Any CPU
		Release|x64 = Release|x64
		Release|x86 = Release|x86
	EndGlobalSection
	GlobalSection(ProjectConfigurationPlatforms) = postSolution
		{0549B7E9-9D3A-4DD5-8290-A3FF0009FB37}.Debug|Any CPU.ActiveCfg = Debug|Any CPU
		{0549B7E9-9D3A-4DD5-8290-A3FF0009FB37}.Debug|Any CPU.Build.0 = Debug|Any CPU
		{0549B7E9-9D3A-4DD5-8290-A3FF0009FB37}.Debug|x64.ActiveCfg = Debug|Any CPU
		{0549B7E9-9D3A-4DD5-8290-A3FF0009FB37}.Debug|x64.Build.0 = Debug|Any CPU
		{0549B7E9-9D3A-4DD5-8290-A3FF0009FB37}.Debug|x86.ActiveCfg = Debug|Any CPU
		{0549B7E9-9D3A-4DD5-8290-A3FF0009FB37}.Debug|x86.Build.0 = Debug|Any CPU
		{0549B7E9-9D3A-4DD5-8290-A3FF0009FB37}.Release|Any CPU.ActiveCfg = Release|Any CPU
		{0549B7E9-9D3A-4DD5-8290-A3FF0009FB37}.Release|Any CPU.Build.0 = Release|Any CPU
		{0549B7E9-9D3A-4DD5-8290-A3FF0009FB37}.Release|x64.ActiveCfg = Release|Any CPU
		{0549B7E9-9D3A-4DD5-8290-A3FF0009FB37}.Release|x64.Build.0 = Release|Any CPU
		{0549B7E9-9D3A-4DD5-8290-A3FF0009FB37}.Release|x86.ActiveCfg = Release|Any CPU
		{0549B7E9-9D3A-4DD5-8290-A3FF0009FB37}.Release|x86.Build.0 = Release|Any CPU
		{6E47F272-91D3-9FF1-917F-553FF098FA5B}.Debug|Any CPU.ActiveCfg = Debug|Any CPU
		{6E47F272-91D3-9FF1-917F-553FF098FA5B}.Debug|Any CPU.Build.0 = Debug|Any CPU
		{6E47F272-91D3-9FF1-917F-553FF098FA5B}.Debug|Any CPU.Deploy.0 = Debug|Any CPU
		{6E47F272-91D3-9FF1-917F-553FF098FA5B}.Debug|x64.ActiveCfg = Debug|Any CPU
		{6E47F272-91D3-9FF1-917F-553FF098FA5B}.Debug|x64.Build.0 = Debug|Any CPU
		{6E47F272-91D3-9FF1-917F-553FF098FA5B}.Debug|x64.Deploy.0 = Debug|Any CPU
		{6E47F272-91D3-9FF1-917F-553FF098FA5B}.Debug|x86.ActiveCfg = Debug|Any CPU
		{6E47F272-91D3-9FF1-917F-553FF098FA5B}.Debug|x86.Build.0 = Debug|Any CPU
		{6E47F272-91D3-9FF1-917F-553FF098FA5B}.Debug|x86.Deploy.0 = Debug|Any CPU
		{6E47F272-91D3-9FF1-917F-553FF098FA5B}.Release|Any CPU.ActiveCfg = Release|Any CPU
		{6E47F272-91D3-9FF1-917F-553FF098FA5B}.Release|Any CPU.Build.0 = Release|Any CPU
		{6E47F272-91D3-9FF1-917F-553FF098FA5B}.Release|Any CPU.Deploy.0 = Release|Any CPU
		{6E47F272-91D3-9FF1-917F-553FF098FA5B}.Release|x64.ActiveCfg = Release|Any CPU
		{6E47F272-91D3-9FF1-917F-553FF098FA5B}.Release|x64.Build.0 = Release|Any CPU
		{6E47F272-91D3-9FF1-917F-553FF098FA5B}.Release|x64.Deploy.0 = Release|Any CPU
		{6E47F272-91D3-9FF1-917F-553FF098FA5B}.Release|x86.ActiveCfg = Release|Any CPU
		{6E47F272-91D3-9FF1-917F-553FF098FA5B}.Release|x86.Build.0 = Release|Any CPU
		{6E47F272-91D3-9FF1-917F-553FF098FA5B}.Release|x86.Deploy.0 = Release|Any CPU
		{2B5CE6BC-DA12-4E46-B2B5-6A10C3E73C08}.Debug|Any CPU.ActiveCfg = Debug|Any CPU
		{2B5CE6BC-DA12-4E46-B2B5-6A10C3E73C08}.Debug|Any CPU.Build.0 = Debug|Any CPU
		{2B5CE6BC-DA12-4E46-B2B5-6A10C3E73C08}.Debug|x64.ActiveCfg = Debug|Any CPU
		{2B5CE6BC-DA12-4E46-B2B5-6A10C3E73C08}.Debug|x64.Build.0 = Debug|Any CPU
		{2B5CE6BC-DA12-4E46-B2B5-6A10C3E73C08}.Debug|x86.ActiveCfg = Debug|Any CPU
		{2B5CE6BC-DA12-4E46-B2B5-6A10C3E73C08}.Debug|x86.Build.0 = Debug|Any CPU
		{2B5CE6BC-DA12-4E46-B2B5-6A10C3E73C08}.Release|Any CPU.ActiveCfg = Release|Any CPU
		{2B5CE6BC-DA12-4E46-B2B5-6A10C3E73C08}.Release|Any CPU.Build.0 = Release|Any CPU
		{2B5CE6BC-DA12-4E46-B2B5-6A10C3E73C08}.Release|x64.ActiveCfg = Release|Any CPU
		{2B5CE6BC-DA12-4E46-B2B5-6A10C3E73C08}.Release|x64.Build.0 = Release|Any CPU
		{2B5CE6BC-DA12-4E46-B2B5-6A10C3E73C08}.Release|x86.ActiveCfg = Release|Any CPU
		{2B5CE6BC-DA12-4E46-B2B5-6A10C3E73C08}.Release|x86.Build.0 = Release|Any CPU
		{3CF2BBA0-533B-421A-AA23-712AC8191429}.Debug|Any CPU.ActiveCfg = Debug|Any CPU
		{3CF2BBA0-533B-421A-AA23-712AC8191429}.Debug|Any CPU.Build.0 = Debug|Any CPU
		{3CF2BBA0-533B-421A-AA23-712AC8191429}.Debug|x64.ActiveCfg = Debug|Any CPU
		{3CF2BBA0-533B-421A-AA23-712AC8191429}.Debug|x64.Build.0 = Debug|Any CPU
		{3CF2BBA0-533B-421A-AA23-712AC8191429}.Debug|x86.ActiveCfg = Debug|Any CPU
		{3CF2BBA0-533B-421A-AA23-712AC8191429}.Debug|x86.Build.0 = Debug|Any CPU
		{3CF2BBA0-533B-421A-AA23-712AC8191429}.Release|Any CPU.ActiveCfg = Release|Any CPU
		{3CF2BBA0-533B-421A-AA23-712AC8191429}.Release|Any CPU.Build.0 = Release|Any CPU
		{3CF2BBA0-533B-421A-AA23-712AC8191429}.Release|x64.ActiveCfg = Release|Any CPU
		{3CF2BBA0-533B-421A-AA23-712AC8191429}.Release|x64.Build.0 = Release|Any CPU
		{3CF2BBA0-533B-421A-AA23-712AC8191429}.Release|x86.ActiveCfg = Release|Any CPU
		{3CF2BBA0-533B-421A-AA23-712AC8191429}.Release|x86.Build.0 = Release|Any CPU
		{C6381189-F420-43B8-868D-D8E8D0C74058}.Debug|Any CPU.ActiveCfg = Debug|Any CPU
		{C6381189-F420-43B8-868D-D8E8D0C74058}.Debug|x64.ActiveCfg = Debug|Any CPU
		{C6381189-F420-43B8-868D-D8E8D0C74058}.Debug|x86.ActiveCfg = Debug|Any CPU
		{C6381189-F420-43B8-868D-D8E8D0C74058}.Release|Any CPU.ActiveCfg = Release|Any CPU
		{C6381189-F420-43B8-868D-D8E8D0C74058}.Release|x64.ActiveCfg = Release|Any CPU
		{C6381189-F420-43B8-868D-D8E8D0C74058}.Release|x86.ActiveCfg = Release|Any CPU
	EndGlobalSection
	GlobalSection(SolutionProperties) = preSolution
		HideSolutionNode = FALSE
	EndGlobalSection
	GlobalSection(ExtensibilityGlobals) = postSolution
		SolutionGuid = {1CE4550E-E383-49B0-B644-B64297AF547C}
	EndGlobalSection
EndGlobal
