Microsoft Visual Studio Solution File, Format Version 12.00
# Visual Studio Version 17
VisualStudioVersion = 17.5.2.0
MinimumVisualStudioVersion = 10.0.40219.1
Project("{FAE04EC0-301F-11D3-BF4B-00C04F79EFBC}") = "FantasyDB", "FantasyDB.csproj", "{8FD99A86-E380-D384-D7E7-16A5B220B4AE}"
EndProject
Global
	GlobalSection(SolutionConfigurationPlatforms) = preSolution
		Debug|Any CPU = Debug|Any CPU
		Release|Any CPU = Release|Any CPU
	EndGlobalSection
	GlobalSection(ProjectConfigurationPlatforms) = postSolution
		{8FD99A86-E380-D384-D7E7-16A5B220B4AE}.Debug|Any CPU.ActiveCfg = Debug|Any CPU
		{8FD99A86-E380-D384-D7E7-16A5B220B4AE}.Debug|Any CPU.Build.0 = Debug|Any CPU
		{8FD99A86-E380-D384-D7E7-16A5B220B4AE}.Release|Any CPU.ActiveCfg = Release|Any CPU
		{8FD99A86-E380-D384-D7E7-16A5B220B4AE}.Release|Any CPU.Build.0 = Release|Any CPU
	EndGlobalSection
	GlobalSection(SolutionProperties) = preSolution
		HideSolutionNode = FALSE
	EndGlobalSection
	GlobalSection(ExtensibilityGlobals) = postSolution
		SolutionGuid = {C50865CF-A171-428D-882D-EAA80F55A578}
	EndGlobalSection
EndGlobal
